// !$*UTF8*$!
{
	archiveVersion = 1;
	classes = {
	};
	objectVersion = 50;
	objects = {

/* Begin PBXBuildFile section */
		F281290226B113370085DB3A /* DubDubGrubApp.swift in Sources */ = {isa = PBXBuildFile; fileRef = F281290126B113370085DB3A /* DubDubGrubApp.swift */; };
		F281290626B113410085DB3A /* Assets.xcassets in Resources */ = {isa = PBXBuildFile; fileRef = F281290526B113410085DB3A /* Assets.xcassets */; };
		F281290926B113410085DB3A /* Preview Assets.xcassets in Resources */ = {isa = PBXBuildFile; fileRef = F281290826B113410085DB3A /* Preview Assets.xcassets */; };
		F29E487D26B18D3A0008CE1E /* Color+Ext.swift in Sources */ = {isa = PBXBuildFile; fileRef = F29E487C26B18D3A0008CE1E /* Color+Ext.swift */; };
		F29E488026B18FA00008CE1E /* AppTabView.swift in Sources */ = {isa = PBXBuildFile; fileRef = F29E487F26B18FA00008CE1E /* AppTabView.swift */; };
		F29E488326B18FD70008CE1E /* LocationMapView.swift in Sources */ = {isa = PBXBuildFile; fileRef = F29E488226B18FD70008CE1E /* LocationMapView.swift */; };
		F29E488626B190470008CE1E /* LocationListView.swift in Sources */ = {isa = PBXBuildFile; fileRef = F29E488526B190470008CE1E /* LocationListView.swift */; };
		F29E488926B190540008CE1E /* ProfileView.swift in Sources */ = {isa = PBXBuildFile; fileRef = F29E488826B190540008CE1E /* ProfileView.swift */; };
		F2BEAA8E26B39120000931B5 /* CloudKit.framework in Frameworks */ = {isa = PBXBuildFile; fileRef = F2BEAA8D26B39120000931B5 /* CloudKit.framework */; };
		F2BEAA9126B60F93000931B5 /* LocationDetailView.swift in Sources */ = {isa = PBXBuildFile; fileRef = F2BEAA9026B60F93000931B5 /* LocationDetailView.swift */; };
		F2C9C6CD26B8AF93001FE257 /* LocationCell.swift in Sources */ = {isa = PBXBuildFile; fileRef = F2C9C6CC26B8AF93001FE257 /* LocationCell.swift */; };
		F2C9C6D026B8AFF0001FE257 /* AvatarView.swift in Sources */ = {isa = PBXBuildFile; fileRef = F2C9C6CF26B8AFF0001FE257 /* AvatarView.swift */; };
/* End PBXBuildFile section */

/* Begin PBXFileReference section */
		F28128FE26B113370085DB3A /* DubDubGrub.app */ = {isa = PBXFileReference; explicitFileType = wrapper.application; includeInIndex = 0; path = DubDubGrub.app; sourceTree = BUILT_PRODUCTS_DIR; };
		F281290126B113370085DB3A /* DubDubGrubApp.swift */ = {isa = PBXFileReference; lastKnownFileType = sourcecode.swift; path = DubDubGrubApp.swift; sourceTree = "<group>"; };
		F281290526B113410085DB3A /* Assets.xcassets */ = {isa = PBXFileReference; lastKnownFileType = folder.assetcatalog; path = Assets.xcassets; sourceTree = "<group>"; };
		F281290826B113410085DB3A /* Preview Assets.xcassets */ = {isa = PBXFileReference; lastKnownFileType = folder.assetcatalog; path = "Preview Assets.xcassets"; sourceTree = "<group>"; };
		F281290A26B113410085DB3A /* Info.plist */ = {isa = PBXFileReference; lastKnownFileType = text.plist.xml; path = Info.plist; sourceTree = "<group>"; };
		F29E487C26B18D3A0008CE1E /* Color+Ext.swift */ = {isa = PBXFileReference; lastKnownFileType = sourcecode.swift; path = "Color+Ext.swift"; sourceTree = "<group>"; };
		F29E487F26B18FA00008CE1E /* AppTabView.swift */ = {isa = PBXFileReference; lastKnownFileType = sourcecode.swift; path = AppTabView.swift; sourceTree = "<group>"; };
		F29E488226B18FD70008CE1E /* LocationMapView.swift */ = {isa = PBXFileReference; lastKnownFileType = sourcecode.swift; path = LocationMapView.swift; sourceTree = "<group>"; };
		F29E488526B190470008CE1E /* LocationListView.swift */ = {isa = PBXFileReference; lastKnownFileType = sourcecode.swift; path = LocationListView.swift; sourceTree = "<group>"; };
		F29E488826B190540008CE1E /* ProfileView.swift */ = {isa = PBXFileReference; lastKnownFileType = sourcecode.swift; path = ProfileView.swift; sourceTree = "<group>"; };
		F2BEAA8326B38FD2000931B5 /* DubDubGrub.entitlements */ = {isa = PBXFileReference; lastKnownFileType = text.plist.entitlements; path = DubDubGrub.entitlements; sourceTree = "<group>"; };
		F2BEAA8B26B3911F000931B5 /* DubDubGrubDebug.entitlements */ = {isa = PBXFileReference; lastKnownFileType = text.plist.entitlements; path = DubDubGrubDebug.entitlements; sourceTree = "<group>"; };
		F2BEAA8D26B39120000931B5 /* CloudKit.framework */ = {isa = PBXFileReference; lastKnownFileType = wrapper.framework; name = CloudKit.framework; path = System/Library/Frameworks/CloudKit.framework; sourceTree = SDKROOT; };
		F2BEAA9026B60F93000931B5 /* LocationDetailView.swift */ = {isa = PBXFileReference; lastKnownFileType = sourcecode.swift; path = LocationDetailView.swift; sourceTree = "<group>"; };
		F2C9C6CC26B8AF93001FE257 /* LocationCell.swift */ = {isa = PBXFileReference; lastKnownFileType = sourcecode.swift; path = LocationCell.swift; sourceTree = "<group>"; };
		F2C9C6CF26B8AFF0001FE257 /* AvatarView.swift */ = {isa = PBXFileReference; lastKnownFileType = sourcecode.swift; path = AvatarView.swift; sourceTree = "<group>"; };
/* End PBXFileReference section */

/* Begin PBXFrameworksBuildPhase section */
		F28128FB26B113370085DB3A /* Frameworks */ = {
			isa = PBXFrameworksBuildPhase;
			buildActionMask = 2147483647;
			files = (
				F2BEAA8E26B39120000931B5 /* CloudKit.framework in Frameworks */,
			);
			runOnlyForDeploymentPostprocessing = 0;
		};
/* End PBXFrameworksBuildPhase section */

/* Begin PBXGroup section */
		F28128F526B113370085DB3A = {
			isa = PBXGroup;
			children = (
				F281290026B113370085DB3A /* DubDubGrub */,
				F28128FF26B113370085DB3A /* Products */,
				F2BEAA8C26B39120000931B5 /* Frameworks */,
			);
			sourceTree = "<group>";
		};
		F28128FF26B113370085DB3A /* Products */ = {
			isa = PBXGroup;
			children = (
				F28128FE26B113370085DB3A /* DubDubGrub.app */,
			);
			name = Products;
			sourceTree = "<group>";
		};
		F281290026B113370085DB3A /* DubDubGrub */ = {
			isa = PBXGroup;
			children = (
				F2BEAA8B26B3911F000931B5 /* DubDubGrubDebug.entitlements */,
				F2BEAA8326B38FD2000931B5 /* DubDubGrub.entitlements */,
				F281290126B113370085DB3A /* DubDubGrubApp.swift */,
				F281290526B113410085DB3A /* Assets.xcassets */,
				F281290A26B113410085DB3A /* Info.plist */,
				F281290726B113410085DB3A /* Preview Content */,
				F29E487C26B18D3A0008CE1E /* Color+Ext.swift */,
				F29E487F26B18FA00008CE1E /* AppTabView.swift */,
				F29E488226B18FD70008CE1E /* LocationMapView.swift */,
				F29E488526B190470008CE1E /* LocationListView.swift */,
				F29E488826B190540008CE1E /* ProfileView.swift */,
				F2BEAA9026B60F93000931B5 /* LocationDetailView.swift */,
				F2C9C6CC26B8AF93001FE257 /* LocationCell.swift */,
				F2C9C6CF26B8AFF0001FE257 /* AvatarView.swift */,
			);
			path = DubDubGrub;
			sourceTree = "<group>";
		};
		F281290726B113410085DB3A /* Preview Content */ = {
			isa = PBXGroup;
			children = (
				F281290826B113410085DB3A /* Preview Assets.xcassets */,
			);
			path = "Preview Content";
			sourceTree = "<group>";
		};
		F2BEAA8C26B39120000931B5 /* Frameworks */ = {
			isa = PBXGroup;
			children = (
				F2BEAA8D26B39120000931B5 /* CloudKit.framework */,
			);
			name = Frameworks;
			sourceTree = "<group>";
		};
/* End PBXGroup section */

/* Begin PBXNativeTarget section */
		F28128FD26B113370085DB3A /* DubDubGrub */ = {
			isa = PBXNativeTarget;
			buildConfigurationList = F281290D26B113410085DB3A /* Build configuration list for PBXNativeTarget "DubDubGrub" */;
			buildPhases = (
				F28128FA26B113370085DB3A /* Sources */,
				F28128FB26B113370085DB3A /* Frameworks */,
				F28128FC26B113370085DB3A /* Resources */,
			);
			buildRules = (
			);
			dependencies = (
			);
			name = DubDubGrub;
			productName = DubDubGrub;
			productReference = F28128FE26B113370085DB3A /* DubDubGrub.app */;
			productType = "com.apple.product-type.application";
		};
/* End PBXNativeTarget section */

/* Begin PBXProject section */
		F28128F626B113370085DB3A /* Project object */ = {
			isa = PBXProject;
			attributes = {
				LastSwiftUpdateCheck = 1240;
				LastUpgradeCheck = 1240;
				TargetAttributes = {
					F28128FD26B113370085DB3A = {
						CreatedOnToolsVersion = 12.4;
					};
				};
			};
			buildConfigurationList = F28128F926B113370085DB3A /* Build configuration list for PBXProject "DubDubGrub" */;
			compatibilityVersion = "Xcode 9.3";
			developmentRegion = en;
			hasScannedForEncodings = 0;
			knownRegions = (
				en,
				Base,
			);
			mainGroup = F28128F526B113370085DB3A;
			productRefGroup = F28128FF26B113370085DB3A /* Products */;
			projectDirPath = "";
			projectRoot = "";
			targets = (
				F28128FD26B113370085DB3A /* DubDubGrub */,
			);
		};
/* End PBXProject section */

/* Begin PBXResourcesBuildPhase section */
		F28128FC26B113370085DB3A /* Resources */ = {
			isa = PBXResourcesBuildPhase;
			buildActionMask = 2147483647;
			files = (
				F281290926B113410085DB3A /* Preview Assets.xcassets in Resources */,
				F281290626B113410085DB3A /* Assets.xcassets in Resources */,
			);
			runOnlyForDeploymentPostprocessing = 0;
		};
/* End PBXResourcesBuildPhase section */

/* Begin PBXSourcesBuildPhase section */
		F28128FA26B113370085DB3A /* Sources */ = {
			isa = PBXSourcesBuildPhase;
			buildActionMask = 2147483647;
			files = (
				F281290226B113370085DB3A /* DubDubGrubApp.swift in Sources */,
				F29E488326B18FD70008CE1E /* LocationMapView.swift in Sources */,
				F29E488626B190470008CE1E /* LocationListView.swift in Sources */,
				F2BEAA9126B60F93000931B5 /* LocationDetailView.swift in Sources */,
				F29E488026B18FA00008CE1E /* AppTabView.swift in Sources */,
				F29E488926B190540008CE1E /* ProfileView.swift in Sources */,
				F2C9C6CD26B8AF93001FE257 /* LocationCell.swift in Sources */,
				F2C9C6D026B8AFF0001FE257 /* AvatarView.swift in Sources */,
				F29E487D26B18D3A0008CE1E /* Color+Ext.swift in Sources */,
			);
			runOnlyForDeploymentPostprocessing = 0;
		};
/* End PBXSourcesBuildPhase section */

/* Begin XCBuildConfiguration section */
		F281290B26B113410085DB3A /* Debug */ = {
			isa = XCBuildConfiguration;
			buildSettings = {
				ALWAYS_SEARCH_USER_PATHS = NO;
				CLANG_ANALYZER_NONNULL = YES;
				CLANG_ANALYZER_NUMBER_OBJECT_CONVERSION = YES_AGGRESSIVE;
				CLANG_CXX_LANGUAGE_STANDARD = "gnu++14";
				CLANG_CXX_LIBRARY = "libc++";
				CLANG_ENABLE_MODULES = YES;
				CLANG_ENABLE_OBJC_ARC = YES;
				CLANG_ENABLE_OBJC_WEAK = YES;
				CLANG_WARN_BLOCK_CAPTURE_AUTORELEASING = YES;
				CLANG_WARN_BOOL_CONVERSION = YES;
				CLANG_WARN_COMMA = YES;
				CLANG_WARN_CONSTANT_CONVERSION = YES;
				CLANG_WARN_DEPRECATED_OBJC_IMPLEMENTATIONS = YES;
				CLANG_WARN_DIRECT_OBJC_ISA_USAGE = YES_ERROR;
				CLANG_WARN_DOCUMENTATION_COMMENTS = YES;
				CLANG_WARN_EMPTY_BODY = YES;
				CLANG_WARN_ENUM_CONVERSION = YES;
				CLANG_WARN_INFINITE_RECURSION = YES;
				CLANG_WARN_INT_CONVERSION = YES;
				CLANG_WARN_NON_LITERAL_NULL_CONVERSION = YES;
				CLANG_WARN_OBJC_IMPLICIT_RETAIN_SELF = YES;
				CLANG_WARN_OBJC_LITERAL_CONVERSION = YES;
				CLANG_WARN_OBJC_ROOT_CLASS = YES_ERROR;
				CLANG_WARN_QUOTED_INCLUDE_IN_FRAMEWORK_HEADER = YES;
				CLANG_WARN_RANGE_LOOP_ANALYSIS = YES;
				CLANG_WARN_STRICT_PROTOTYPES = YES;
				CLANG_WARN_SUSPICIOUS_MOVE = YES;
				CLANG_WARN_UNGUARDED_AVAILABILITY = YES_AGGRESSIVE;
				CLANG_WARN_UNREACHABLE_CODE = YES;
				CLANG_WARN__DUPLICATE_METHOD_MATCH = YES;
				COPY_PHASE_STRIP = NO;
				DEBUG_INFORMATION_FORMAT = dwarf;
				ENABLE_STRICT_OBJC_MSGSEND = YES;
				ENABLE_TESTABILITY = YES;
				GCC_C_LANGUAGE_STANDARD = gnu11;
				GCC_DYNAMIC_NO_PIC = NO;
				GCC_NO_COMMON_BLOCKS = YES;
				GCC_OPTIMIZATION_LEVEL = 0;
				GCC_PREPROCESSOR_DEFINITIONS = (
					"DEBUG=1",
					"$(inherited)",
				);
				GCC_WARN_64_TO_32_BIT_CONVERSION = YES;
				GCC_WARN_ABOUT_RETURN_TYPE = YES_ERROR;
				GCC_WARN_UNDECLARED_SELECTOR = YES;
				GCC_WARN_UNINITIALIZED_AUTOS = YES_AGGRESSIVE;
				GCC_WARN_UNUSED_FUNCTION = YES;
				GCC_WARN_UNUSED_VARIABLE = YES;
				IPHONEOS_DEPLOYMENT_TARGET = 14.4;
				MTL_ENABLE_DEBUG_INFO = INCLUDE_SOURCE;
				MTL_FAST_MATH = YES;
				ONLY_ACTIVE_ARCH = YES;
				SDKROOT = iphoneos;
				SWIFT_ACTIVE_COMPILATION_CONDITIONS = DEBUG;
				SWIFT_OPTIMIZATION_LEVEL = "-Onone";
			};
			name = Debug;
		};
		F281290C26B113410085DB3A /* Release */ = {
			isa = XCBuildConfiguration;
			buildSettings = {
				ALWAYS_SEARCH_USER_PATHS = NO;
				CLANG_ANALYZER_NONNULL = YES;
				CLANG_ANALYZER_NUMBER_OBJECT_CONVERSION = YES_AGGRESSIVE;
				CLANG_CXX_LANGUAGE_STANDARD = "gnu++14";
				CLANG_CXX_LIBRARY = "libc++";
				CLANG_ENABLE_MODULES = YES;
				CLANG_ENABLE_OBJC_ARC = YES;
				CLANG_ENABLE_OBJC_WEAK = YES;
				CLANG_WARN_BLOCK_CAPTURE_AUTORELEASING = YES;
				CLANG_WARN_BOOL_CONVERSION = YES;
				CLANG_WARN_COMMA = YES;
				CLANG_WARN_CONSTANT_CONVERSION = YES;
				CLANG_WARN_DEPRECATED_OBJC_IMPLEMENTATIONS = YES;
				CLANG_WARN_DIRECT_OBJC_ISA_USAGE = YES_ERROR;
				CLANG_WARN_DOCUMENTATION_COMMENTS = YES;
				CLANG_WARN_EMPTY_BODY = YES;
				CLANG_WARN_ENUM_CONVERSION = YES;
				CLANG_WARN_INFINITE_RECURSION = YES;
				CLANG_WARN_INT_CONVERSION = YES;
				CLANG_WARN_NON_LITERAL_NULL_CONVERSION = YES;
				CLANG_WARN_OBJC_IMPLICIT_RETAIN_SELF = YES;
				CLANG_WARN_OBJC_LITERAL_CONVERSION = YES;
				CLANG_WARN_OBJC_ROOT_CLASS = YES_ERROR;
				CLANG_WARN_QUOTED_INCLUDE_IN_FRAMEWORK_HEADER = YES;
				CLANG_WARN_RANGE_LOOP_ANALYSIS = YES;
				CLANG_WARN_STRICT_PROTOTYPES = YES;
				CLANG_WARN_SUSPICIOUS_MOVE = YES;
				CLANG_WARN_UNGUARDED_AVAILABILITY = YES_AGGRESSIVE;
				CLANG_WARN_UNREACHABLE_CODE = YES;
				CLANG_WARN__DUPLICATE_METHOD_MATCH = YES;
				COPY_PHASE_STRIP = NO;
				DEBUG_INFORMATION_FORMAT = "dwarf-with-dsym";
				ENABLE_NS_ASSERTIONS = NO;
				ENABLE_STRICT_OBJC_MSGSEND = YES;
				GCC_C_LANGUAGE_STANDARD = gnu11;
				GCC_NO_COMMON_BLOCKS = YES;
				GCC_WARN_64_TO_32_BIT_CONVERSION = YES;
				GCC_WARN_ABOUT_RETURN_TYPE = YES_ERROR;
				GCC_WARN_UNDECLARED_SELECTOR = YES;
				GCC_WARN_UNINITIALIZED_AUTOS = YES_AGGRESSIVE;
				GCC_WARN_UNUSED_FUNCTION = YES;
				GCC_WARN_UNUSED_VARIABLE = YES;
				IPHONEOS_DEPLOYMENT_TARGET = 14.4;
				MTL_ENABLE_DEBUG_INFO = NO;
				MTL_FAST_MATH = YES;
				SDKROOT = iphoneos;
				SWIFT_COMPILATION_MODE = wholemodule;
				SWIFT_OPTIMIZATION_LEVEL = "-O";
				VALIDATE_PRODUCT = YES;
			};
			name = Release;
		};
		F281290E26B113410085DB3A /* Debug */ = {
			isa = XCBuildConfiguration;
			buildSettings = {
				ASSETCATALOG_COMPILER_APPICON_NAME = AppIcon;
				ASSETCATALOG_COMPILER_GLOBAL_ACCENT_COLOR_NAME = AccentColor;
				CODE_SIGN_ENTITLEMENTS = DubDubGrub/DubDubGrubDebug.entitlements;
				CODE_SIGN_IDENTITY = "Apple Development";
				CODE_SIGN_STYLE = Automatic;
				DEVELOPMENT_ASSET_PATHS = "\"DubDubGrub/Preview Content\"";
				DEVELOPMENT_TEAM = H8SW4DCC5V;
				ENABLE_PREVIEWS = YES;
				INFOPLIST_FILE = DubDubGrub/Info.plist;
				IPHONEOS_DEPLOYMENT_TARGET = 14.0;
				LD_RUNPATH_SEARCH_PATHS = (
					"$(inherited)",
					"@executable_path/Frameworks",
				);
				PRODUCT_BUNDLE_IDENTIFIER = com.perezthedev.DubDubGrub;
				PRODUCT_NAME = "$(TARGET_NAME)";
				PROVISIONING_PROFILE_SPECIFIER = "";
				SWIFT_VERSION = 5.0;
				TARGETED_DEVICE_FAMILY = "1,2";
			};
			name = Debug;
		};
		F281290F26B113410085DB3A /* Release */ = {
			isa = XCBuildConfiguration;
			buildSettings = {
				ASSETCATALOG_COMPILER_APPICON_NAME = AppIcon;
				ASSETCATALOG_COMPILER_GLOBAL_ACCENT_COLOR_NAME = AccentColor;
				CODE_SIGN_ENTITLEMENTS = DubDubGrub/DubDubGrub.entitlements;
				CODE_SIGN_IDENTITY = "Apple Development";
				CODE_SIGN_STYLE = Automatic;
				DEVELOPMENT_ASSET_PATHS = "\"DubDubGrub/Preview Content\"";
				DEVELOPMENT_TEAM = H8SW4DCC5V;
				ENABLE_PREVIEWS = YES;
				INFOPLIST_FILE = DubDubGrub/Info.plist;
				IPHONEOS_DEPLOYMENT_TARGET = 14.0;
				LD_RUNPATH_SEARCH_PATHS = (
					"$(inherited)",
					"@executable_path/Frameworks",
				);
				PRODUCT_BUNDLE_IDENTIFIER = com.ryanperez.DubDubGrub;
				PRODUCT_NAME = "$(TARGET_NAME)";
				PROVISIONING_PROFILE_SPECIFIER = "";
				SWIFT_VERSION = 5.0;
				TARGETED_DEVICE_FAMILY = "1,2";
			};
			name = Release;
		};
/* End XCBuildConfiguration section */

/* Begin XCConfigurationList section */
		F28128F926B113370085DB3A /* Build configuration list for PBXProject "DubDubGrub" */ = {
			isa = XCConfigurationList;
			buildConfigurations = (
				F281290B26B113410085DB3A /* Debug */,
				F281290C26B113410085DB3A /* Release */,
			);
			defaultConfigurationIsVisible = 0;
			defaultConfigurationName = Release;
		};
		F281290D26B113410085DB3A /* Build configuration list for PBXNativeTarget "DubDubGrub" */ = {
			isa = XCConfigurationList;
			buildConfigurations = (
				F281290E26B113410085DB3A /* Debug */,
				F281290F26B113410085DB3A /* Release */,
			);
			defaultConfigurationIsVisible = 0;
			defaultConfigurationName = Release;
		};
/* End XCConfigurationList section */
	};
	rootObject = F28128F626B113370085DB3A /* Project object */;
}
